{
  "name": "@vcomm/pnetscore",
  "version": "1.0.0",
  "lockfileVersion": 2,
  "requires": true,
  "packages": {
    "": {
      "name": "@vcomm/pnetscore",
      "version": "1.0.0",
      "license": "MIT",
      "dependencies": {
        "@vcomm/asmcore": "^1.0.4"
      }
    },
    "node_modules/@vcomm/asmcore": {
      "version": "1.0.4",
      "resolved": "https://registry.npmjs.org/@vcomm/asmcore/-/asmcore-1.0.4.tgz",
      "integrity": "sha512-msc3qwWGCYOLzrw37s6yPp6jcJGEpli3JU6zSzox9NWoWX7ZQFZHchKsYtGkELUKVJAke6UwWIoP1Fh2vSjuHA==",
      "dependencies": {
        "@vcomm/asynchain": "^1.0.2"
      }
    },
    "node_modules/@vcomm/asynchain": {
      "version": "1.0.2",
      "resolved": "https://registry.npmjs.org/@vcomm/asynchain/-/asynchain-1.0.2.tgz",
      "integrity": "sha512-0B2HU+GeKzJh6GpC41cWKitsdwIKFCRwJUm/G8YpNWOQWrf4Kptz8V6/wtsMEZu+drPtBhIL77OY/bRxNxZu7A=="
    }
  },
  "dependencies": {
    "@vcomm/asmcore": {
      "version": "1.0.4",
      "resolved": "https://registry.npmjs.org/@vcomm/asmcore/-/asmcore-1.0.4.tgz",
      "integrity": "sha512-msc3qwWGCYOLzrw37s6yPp6jcJGEpli3JU6zSzox9NWoWX7ZQFZHchKsYtGkELUKVJAke6UwWIoP1Fh2vSjuHA==",
      "requires": {
        "@vcomm/asynchain": "^1.0.2"
      }
    },
    "@vcomm/asynchain": {
      "version": "1.0.2",
      "resolved": "https://registry.npmjs.org/@vcomm/asynchain/-/asynchain-1.0.2.tgz",
      "integrity": "sha512-0B2HU+GeKzJh6GpC41cWKitsdwIKFCRwJUm/G8YpNWOQWrf4Kptz8V6/wtsMEZu+drPtBhIL77OY/bRxNxZu7A=="
    }
  }
}
